{
  "name": "ai-conventional-commit-cli",
  "version": "0.2.0",
  "lockfileVersion": 3,
  "requires": true,
  "packages": {
    "": {
      "name": "ai-conventional-commit-cli",
      "version": "0.2.0",
      "license": "MIT",
      "dependencies": {
        "zx": "^8.1.6"
      },
      "bin": {
        "ai-conventional-commit": "aicc.mjs",
        "aicc": "aicc.mjs"
      },
      "engines": {
        "node": ">=18.0.0"
      }
    },
    "node_modules/zx": {
      "version": "8.8.1",
      "resolved": "https://registry.npmjs.org/zx/-/zx-8.8.1.tgz",
      "integrity": "sha512-qvsKBnvWHstHKCluKPlEgI/D3+mdiQyMoSSeFR8IX/aXzWIas5A297KxKgPJhuPXdrR6ma0Jzx43+GQ/8sqbrw==",
      "license": "Apache-2.0",
      "bin": {
        "zx": "build/cli.js"
      },
      "engines": {
        "node": ">= 12.17.0"
      }
    }
  }
}
